<?xml version="1.0" encoding="utf-8"?>
<Project ToolsVersion="4.0" xmlns="http://schemas.microsoft.com/developer/msbuild/2003">
  <ItemGroup>
    <Filter Include="Src">
      <UniqueIdentifier>{4FC737F1-C7A5-4376-A066-2A32D752A2FF}</UniqueIdentifier>
      <Extensions>cpp;c;cc;cxx;def;odl;idl;hpj;bat;asm;asmx</Extensions>
    </Filter>
    <Filter Include="Res">
      <UniqueIdentifier>{67DA6AB6-F800-4c08-8B7A-83BB121AAD01}</UniqueIdentifier>
      <Extensions>rc;ico;cur;bmp;dlg;rc2;rct;bin;rgs;gif;jpg;jpeg;jpe;resx;tiff;tif;png;wav;mfcribbon-ms</Extensions>
    </Filter>
  </ItemGroup>
  <ItemGroup>
    <ClInclude Include="Src\d3dx12.h">
      <Filter>Src</Filter>
    </ClInclude>
    <ClInclude Include="Src\stdafx.h">
      <Filter>Src</Filter>
    </ClInclude>
    <ClInclude Include="Src\Texture.h">
      <Filter>Src</Filter>
    </ClInclude>
    <ClInclude Include="Src\Font.h">
      <Filter>Src</Filter>
    </ClInclude>
    <ClInclude Include="Src\Engine.h">
      <Filter>Src</Filter>
    </ClInclude>
  </ItemGroup>
  <ItemGroup>
    <ClCompile Include="Src\Main.cpp">
      <Filter>Src</Filter>
    </ClCompile>
    <ClCompile Include="Src\Texture.cpp">
      <Filter>Src</Filter>
    </ClCompile>
    <ClCompile Include="Src\Font.cpp">
      <Filter>Src</Filter>
    </ClCompile>
    <ClCompile Include="Src\Engine.cpp">
      <Filter>Src</Filter>
    </ClCompile>
  </ItemGroup>
  <ItemGroup>
    <FxCompile Include="Res\VertexShader.hlsl">
      <Filter>Res</Filter>
    </FxCompile>
    <FxCompile Include="Res\PixelShader.hlsl">
      <Filter>Res</Filter>
    </FxCompile>
    <FxCompile Include="Res\FontPixelShader.hlsl">
      <Filter>Res</Filter>
    </FxCompile>
    <FxCompile Include="Res\FontVertexShader.hlsl">
      <Filter>Res</Filter>
    </FxCompile>
  </ItemGroup>
  <ItemGroup>
    <Image Include="Res\rock_s.png">
      <Filter>Res</Filter>
    </Image>
    <Image Include="Res\ArialBlack.png">
      <Filter>Res</Filter>
    </Image>
  </ItemGroup>
  <ItemGroup>
    <None Include="Res\ArialBlack.fnt">
      <Filter>Res</Filter>
    </None>
  </ItemGroup>
</Project>